
Microsoft Visual Studio Solution File, Format Version 12.00
# Visual Studio Version 16
VisualStudioVersion = 16.0.30011.22
MinimumVisualStudioVersion = 10.0.40219.1
Project("{2150E333-8FDC-42A3-9474-1A3956D46DE8}") = "Domain", "Domain", "{A1E870B3-A944-4EF9-A22A-06C8EE55D0B2}"
EndProject
Project("{2150E333-8FDC-42A3-9474-1A3956D46DE8}") = "Infra.Bus", "Infra.Bus", "{38C70137-8008-4167-BCF9-2F71485A489C}"
EndProject
Project("{2150E333-8FDC-42A3-9474-1A3956D46DE8}") = "Infra.IoC", "Infra.IoC", "{BEE95212-631C-4F85-93A4-6CC590158C5F}"
EndProject
Project("{2150E333-8FDC-42A3-9474-1A3956D46DE8}") = "Microservices", "Microservices", "{AEB39D1C-523F-4415-8403-3E59BBB48FE3}"
EndProject
Project("{2150E333-8FDC-42A3-9474-1A3956D46DE8}") = "Presentation", "Presentation", "{4DCCA491-B4FC-446C-A369-894C7908BF05}"
EndProject
Project("{9A19103F-16F7-4668-BE54-9A1E7A4F7556}") = "RMS.Domain.Core", "RMS.Domain.Core\RMS.Domain.Core.csproj", "{0C31EA3B-2FA4-434C-8120-1C507EBD606F}"
EndProject
Project("{9A19103F-16F7-4668-BE54-9A1E7A4F7556}") = "RMS.Infra.Bus", "RMS.Infra.Bus\RMS.Infra.Bus.csproj", "{C5A11824-2B2F-49E4-871B-58D14C9E3F2C}"
EndProject
Project("{9A19103F-16F7-4668-BE54-9A1E7A4F7556}") = "RMS.Infra.IoC", "RMS.Infra.IoC\RMS.Infra.IoC.csproj", "{A45D0701-576D-4A71-BE91-045BE16AE4D8}"
EndProject
Project("{2150E333-8FDC-42A3-9474-1A3956D46DE8}") = "RequestEngine", "RequestEngine", "{323410B1-402F-456F-86E9-6D2574DC4B13}"
EndProject
Project("{2150E333-8FDC-42A3-9474-1A3956D46DE8}") = "CandidateEngine", "CandidateEngine", "{5B9B4EB2-C6CF-4B21-B278-3A5C247BFC72}"
EndProject
Project("{2150E333-8FDC-42A3-9474-1A3956D46DE8}") = "EmailEngine", "EmailEngine", "{0A5286B7-0395-4BCC-8FAD-6CE4D05479D1}"
EndProject
Project("{2150E333-8FDC-42A3-9474-1A3956D46DE8}") = "JobPostEngine", "JobPostEngine", "{1D534763-FB03-414D-8230-A8BEC8F2CF32}"
EndProject
Project("{2150E333-8FDC-42A3-9474-1A3956D46DE8}") = "Api", "Api", "{54800479-F6E1-4D15-8227-12517C4432DA}"
EndProject
Project("{2150E333-8FDC-42A3-9474-1A3956D46DE8}") = "Application", "Application", "{041B381A-BCDA-4F58-971F-BB9449CC99E6}"
EndProject
Project("{2150E333-8FDC-42A3-9474-1A3956D46DE8}") = "Data", "Data", "{76C0897A-669E-4907-A2A3-61BC9E8C2095}"
EndProject
Project("{2150E333-8FDC-42A3-9474-1A3956D46DE8}") = "Domain", "Domain", "{33D2DBE6-06A6-41AC-A97A-40FBDC822C24}"
EndProject
Project("{2150E333-8FDC-42A3-9474-1A3956D46DE8}") = "InterviewEngine", "InterviewEngine", "{EE4644AC-65B6-4CBC-AA6F-96C41BA33A1C}"
EndProject
Project("{9A19103F-16F7-4668-BE54-9A1E7A4F7556}") = "RMS.RequestEngine.Domain", "RMS.RequestEngine.Domain\RMS.RequestEngine.Domain.csproj", "{D4598A6B-57D4-4191-BF91-E6613939084B}"
EndProject
Project("{9A19103F-16F7-4668-BE54-9A1E7A4F7556}") = "RMS.RequestEngine.Data", "RMS.RequestEngine.Data\RMS.RequestEngine.Data.csproj", "{DCBC0B04-DEBF-44AA-8161-81C94ED61888}"
EndProject
Project("{9A19103F-16F7-4668-BE54-9A1E7A4F7556}") = "RMS.RequestEngine.Application", "RMS.RequestEngine.Application\RMS.RequestEngine.Application.csproj", "{9B8E9EA1-83CA-43C4-A176-FD5D25CD5CE9}"
EndProject
Project("{2150E333-8FDC-42A3-9474-1A3956D46DE8}") = "Api", "Api", "{5E877596-9D80-4F68-9A81-91F18E49B3C1}"
EndProject
Project("{2150E333-8FDC-42A3-9474-1A3956D46DE8}") = "Application", "Application", "{9E677272-1557-4050-9D9C-23937CE8FB09}"
EndProject
Project("{2150E333-8FDC-42A3-9474-1A3956D46DE8}") = "Data", "Data", "{0E56C2AB-73C5-49B1-8D8C-F9CF02CC7E1D}"
EndProject
Project("{2150E333-8FDC-42A3-9474-1A3956D46DE8}") = "Domain", "Domain", "{73C70727-453E-4562-AE24-C192F6A2EE7C}"
EndProject
Project("{9A19103F-16F7-4668-BE54-9A1E7A4F7556}") = "RMS.JobPostEngine.Domain", "RMS.JobPostEngine.Domain\RMS.JobPostEngine.Domain.csproj", "{1D24AA31-5961-41FA-901D-61A092E9C6CE}"
EndProject
Project("{9A19103F-16F7-4668-BE54-9A1E7A4F7556}") = "RMS.RequestEngine.Api", "RMS.RequestEngine.Api\RMS.RequestEngine.Api.csproj", "{6D2533C4-7FB8-408F-9F28-86A41978C6E6}"
EndProject
Project("{9A19103F-16F7-4668-BE54-9A1E7A4F7556}") = "RMS.JobPostEngine.Data", "RMS.JobPostEngine.Data\RMS.JobPostEngine.Data.csproj", "{43E945ED-1E43-4BAF-B28F-66DD3885B6A1}"
EndProject
Project("{9A19103F-16F7-4668-BE54-9A1E7A4F7556}") = "RMS.JobPostEngine.Application", "RMS.JobPostEngine.Application\RMS.JobPostEngine.Application.csproj", "{55AB00D5-D24B-4B13-ABA9-FF6F862959E1}"
EndProject
Project("{9A19103F-16F7-4668-BE54-9A1E7A4F7556}") = "RMS.JobPostEngine.Api", "RMS.JobPostEngine.Api\RMS.JobPostEngine.Api.csproj", "{E930B6D6-AE4F-4C14-BD9D-21F1DE0AB679}"
EndProject
Project("{2150E333-8FDC-42A3-9474-1A3956D46DE8}") = "Domain", "Domain", "{266B4986-8675-417F-A10C-7E72D3E3A2E7}"
EndProject
Project("{2150E333-8FDC-42A3-9474-1A3956D46DE8}") = "Data", "Data", "{EC5F8FA4-9EB4-4EEB-982F-B78C62385A96}"
EndProject
Project("{2150E333-8FDC-42A3-9474-1A3956D46DE8}") = "Application", "Application", "{3C30B11B-0E5D-4417-8FD3-841B3C4B0EDE}"
EndProject
Project("{2150E333-8FDC-42A3-9474-1A3956D46DE8}") = "Api", "Api", "{D6F445DB-658A-4F4A-B9DC-D0FF5C3B51D9}"
EndProject
Project("{9A19103F-16F7-4668-BE54-9A1E7A4F7556}") = "RMS.CandidateEngine.Api", "RMS.CandidateEngine.Api\RMS.CandidateEngine.Api.csproj", "{FCDBBF59-04AF-4FB2-9D3B-D7EB9B819E24}"
EndProject
Project("{9A19103F-16F7-4668-BE54-9A1E7A4F7556}") = "RMS.CandidateEngine.Domain", "RMS.CandidateEngine.Domain\RMS.CandidateEngine.Domain.csproj", "{DBA96B5D-A74A-469C-86E8-880824B1E969}"
EndProject
Project("{2150E333-8FDC-42A3-9474-1A3956D46DE8}") = "Api", "Api", "{862B4940-E482-4F94-BCE0-17AAF9146A03}"
EndProject
Project("{2150E333-8FDC-42A3-9474-1A3956D46DE8}") = "Application", "Application", "{971F1D64-E6BA-4023-A23A-E3640F30C856}"
EndProject
Project("{2150E333-8FDC-42A3-9474-1A3956D46DE8}") = "Data", "Data", "{333B39F2-D913-4361-9AA9-4B471C5635E7}"
EndProject
Project("{2150E333-8FDC-42A3-9474-1A3956D46DE8}") = "Domain", "Domain", "{13C81B76-DF68-4D12-86C5-324D9485B6F3}"
EndProject
Project("{9A19103F-16F7-4668-BE54-9A1E7A4F7556}") = "RMS.InterviewEngine.Domain", "RMS.InterviewEngine.Domain\RMS.InterviewEngine.Domain.csproj", "{B7933266-DAAA-41C2-8FEC-D251ABD9EF7E}"
EndProject
Project("{9A19103F-16F7-4668-BE54-9A1E7A4F7556}") = "RMS.InterviewEngine.Data", "RMS.InterviewEngine.Data\RMS.InterviewEngine.Data.csproj", "{433B644F-9B73-4ACD-984B-5C31A6C0B7E6}"
EndProject
Project("{FAE04EC0-301F-11D3-BF4B-00C04F79EFBC}") = "RMS.CandidateEngine.Data", "RMS.CandidateEngine.Data\RMS.CandidateEngine.Data.csproj", "{C55F7DE3-B9BA-4F5F-8D70-B177FA64DE7B}"
EndProject
Project("{FAE04EC0-301F-11D3-BF4B-00C04F79EFBC}") = "RMS.CandidateEngine.Application", "RMS.CandidateEngine.Application\RMS.CandidateEngine.Application.csproj", "{68477BEA-B1A1-471D-AB6B-7D23E605456A}"
EndProject
Global
	GlobalSection(SolutionConfigurationPlatforms) = preSolution
		Debug|Any CPU = Debug|Any CPU
		Release|Any CPU = Release|Any CPU
	EndGlobalSection
	GlobalSection(ProjectConfigurationPlatforms) = postSolution
		{0C31EA3B-2FA4-434C-8120-1C507EBD606F}.Debug|Any CPU.ActiveCfg = Debug|Any CPU
		{0C31EA3B-2FA4-434C-8120-1C507EBD606F}.Debug|Any CPU.Build.0 = Debug|Any CPU
		{0C31EA3B-2FA4-434C-8120-1C507EBD606F}.Release|Any CPU.ActiveCfg = Release|Any CPU
		{0C31EA3B-2FA4-434C-8120-1C507EBD606F}.Release|Any CPU.Build.0 = Release|Any CPU
		{C5A11824-2B2F-49E4-871B-58D14C9E3F2C}.Debug|Any CPU.ActiveCfg = Debug|Any CPU
		{C5A11824-2B2F-49E4-871B-58D14C9E3F2C}.Debug|Any CPU.Build.0 = Debug|Any CPU
		{C5A11824-2B2F-49E4-871B-58D14C9E3F2C}.Release|Any CPU.ActiveCfg = Release|Any CPU
		{C5A11824-2B2F-49E4-871B-58D14C9E3F2C}.Release|Any CPU.Build.0 = Release|Any CPU
		{A45D0701-576D-4A71-BE91-045BE16AE4D8}.Debug|Any CPU.ActiveCfg = Debug|Any CPU
		{A45D0701-576D-4A71-BE91-045BE16AE4D8}.Debug|Any CPU.Build.0 = Debug|Any CPU
		{A45D0701-576D-4A71-BE91-045BE16AE4D8}.Release|Any CPU.ActiveCfg = Release|Any CPU
		{A45D0701-576D-4A71-BE91-045BE16AE4D8}.Release|Any CPU.Build.0 = Release|Any CPU
		{D4598A6B-57D4-4191-BF91-E6613939084B}.Debug|Any CPU.ActiveCfg = Debug|Any CPU
		{D4598A6B-57D4-4191-BF91-E6613939084B}.Debug|Any CPU.Build.0 = Debug|Any CPU
		{D4598A6B-57D4-4191-BF91-E6613939084B}.Release|Any CPU.ActiveCfg = Release|Any CPU
		{D4598A6B-57D4-4191-BF91-E6613939084B}.Release|Any CPU.Build.0 = Release|Any CPU
		{DCBC0B04-DEBF-44AA-8161-81C94ED61888}.Debug|Any CPU.ActiveCfg = Debug|Any CPU
		{DCBC0B04-DEBF-44AA-8161-81C94ED61888}.Debug|Any CPU.Build.0 = Debug|Any CPU
		{DCBC0B04-DEBF-44AA-8161-81C94ED61888}.Release|Any CPU.ActiveCfg = Release|Any CPU
		{DCBC0B04-DEBF-44AA-8161-81C94ED61888}.Release|Any CPU.Build.0 = Release|Any CPU
		{9B8E9EA1-83CA-43C4-A176-FD5D25CD5CE9}.Debug|Any CPU.ActiveCfg = Debug|Any CPU
		{9B8E9EA1-83CA-43C4-A176-FD5D25CD5CE9}.Debug|Any CPU.Build.0 = Debug|Any CPU
		{9B8E9EA1-83CA-43C4-A176-FD5D25CD5CE9}.Release|Any CPU.ActiveCfg = Release|Any CPU
		{9B8E9EA1-83CA-43C4-A176-FD5D25CD5CE9}.Release|Any CPU.Build.0 = Release|Any CPU
		{1D24AA31-5961-41FA-901D-61A092E9C6CE}.Debug|Any CPU.ActiveCfg = Debug|Any CPU
		{1D24AA31-5961-41FA-901D-61A092E9C6CE}.Debug|Any CPU.Build.0 = Debug|Any CPU
		{1D24AA31-5961-41FA-901D-61A092E9C6CE}.Release|Any CPU.ActiveCfg = Release|Any CPU
		{1D24AA31-5961-41FA-901D-61A092E9C6CE}.Release|Any CPU.Build.0 = Release|Any CPU
		{6D2533C4-7FB8-408F-9F28-86A41978C6E6}.Debug|Any CPU.ActiveCfg = Debug|Any CPU
		{6D2533C4-7FB8-408F-9F28-86A41978C6E6}.Debug|Any CPU.Build.0 = Debug|Any CPU
		{6D2533C4-7FB8-408F-9F28-86A41978C6E6}.Release|Any CPU.ActiveCfg = Release|Any CPU
		{6D2533C4-7FB8-408F-9F28-86A41978C6E6}.Release|Any CPU.Build.0 = Release|Any CPU
		{43E945ED-1E43-4BAF-B28F-66DD3885B6A1}.Debug|Any CPU.ActiveCfg = Debug|Any CPU
		{43E945ED-1E43-4BAF-B28F-66DD3885B6A1}.Debug|Any CPU.Build.0 = Debug|Any CPU
		{43E945ED-1E43-4BAF-B28F-66DD3885B6A1}.Release|Any CPU.ActiveCfg = Release|Any CPU
		{43E945ED-1E43-4BAF-B28F-66DD3885B6A1}.Release|Any CPU.Build.0 = Release|Any CPU
		{55AB00D5-D24B-4B13-ABA9-FF6F862959E1}.Debug|Any CPU.ActiveCfg = Debug|Any CPU
		{55AB00D5-D24B-4B13-ABA9-FF6F862959E1}.Debug|Any CPU.Build.0 = Debug|Any CPU
		{55AB00D5-D24B-4B13-ABA9-FF6F862959E1}.Release|Any CPU.ActiveCfg = Release|Any CPU
		{55AB00D5-D24B-4B13-ABA9-FF6F862959E1}.Release|Any CPU.Build.0 = Release|Any CPU
		{E930B6D6-AE4F-4C14-BD9D-21F1DE0AB679}.Debug|Any CPU.ActiveCfg = Debug|Any CPU
		{E930B6D6-AE4F-4C14-BD9D-21F1DE0AB679}.Debug|Any CPU.Build.0 = Debug|Any CPU
		{E930B6D6-AE4F-4C14-BD9D-21F1DE0AB679}.Release|Any CPU.ActiveCfg = Release|Any CPU
		{E930B6D6-AE4F-4C14-BD9D-21F1DE0AB679}.Release|Any CPU.Build.0 = Release|Any CPU
		{FCDBBF59-04AF-4FB2-9D3B-D7EB9B819E24}.Debug|Any CPU.ActiveCfg = Debug|Any CPU
		{FCDBBF59-04AF-4FB2-9D3B-D7EB9B819E24}.Debug|Any CPU.Build.0 = Debug|Any CPU
		{FCDBBF59-04AF-4FB2-9D3B-D7EB9B819E24}.Release|Any CPU.ActiveCfg = Release|Any CPU
		{FCDBBF59-04AF-4FB2-9D3B-D7EB9B819E24}.Release|Any CPU.Build.0 = Release|Any CPU
		{DBA96B5D-A74A-469C-86E8-880824B1E969}.Debug|Any CPU.ActiveCfg = Debug|Any CPU
		{DBA96B5D-A74A-469C-86E8-880824B1E969}.Debug|Any CPU.Build.0 = Debug|Any CPU
		{DBA96B5D-A74A-469C-86E8-880824B1E969}.Release|Any CPU.ActiveCfg = Release|Any CPU
		{DBA96B5D-A74A-469C-86E8-880824B1E969}.Release|Any CPU.Build.0 = Release|Any CPU
		{B7933266-DAAA-41C2-8FEC-D251ABD9EF7E}.Debug|Any CPU.ActiveCfg = Debug|Any CPU
		{B7933266-DAAA-41C2-8FEC-D251ABD9EF7E}.Debug|Any CPU.Build.0 = Debug|Any CPU
		{B7933266-DAAA-41C2-8FEC-D251ABD9EF7E}.Release|Any CPU.ActiveCfg = Release|Any CPU
		{B7933266-DAAA-41C2-8FEC-D251ABD9EF7E}.Release|Any CPU.Build.0 = Release|Any CPU
		{433B644F-9B73-4ACD-984B-5C31A6C0B7E6}.Debug|Any CPU.ActiveCfg = Debug|Any CPU
		{433B644F-9B73-4ACD-984B-5C31A6C0B7E6}.Debug|Any CPU.Build.0 = Debug|Any CPU
		{433B644F-9B73-4ACD-984B-5C31A6C0B7E6}.Release|Any CPU.ActiveCfg = Release|Any CPU
		{433B644F-9B73-4ACD-984B-5C31A6C0B7E6}.Release|Any CPU.Build.0 = Release|Any CPU
		{C55F7DE3-B9BA-4F5F-8D70-B177FA64DE7B}.Debug|Any CPU.ActiveCfg = Debug|Any CPU
		{C55F7DE3-B9BA-4F5F-8D70-B177FA64DE7B}.Debug|Any CPU.Build.0 = Debug|Any CPU
		{C55F7DE3-B9BA-4F5F-8D70-B177FA64DE7B}.Release|Any CPU.ActiveCfg = Release|Any CPU
		{C55F7DE3-B9BA-4F5F-8D70-B177FA64DE7B}.Release|Any CPU.Build.0 = Release|Any CPU
		{68477BEA-B1A1-471D-AB6B-7D23E605456A}.Debug|Any CPU.ActiveCfg = Debug|Any CPU
		{68477BEA-B1A1-471D-AB6B-7D23E605456A}.Debug|Any CPU.Build.0 = Debug|Any CPU
		{68477BEA-B1A1-471D-AB6B-7D23E605456A}.Release|Any CPU.ActiveCfg = Release|Any CPU
		{68477BEA-B1A1-471D-AB6B-7D23E605456A}.Release|Any CPU.Build.0 = Release|Any CPU
	EndGlobalSection
	GlobalSection(SolutionProperties) = preSolution
		HideSolutionNode = FALSE
	EndGlobalSection
	GlobalSection(NestedProjects) = preSolution
		{0C31EA3B-2FA4-434C-8120-1C507EBD606F} = {A1E870B3-A944-4EF9-A22A-06C8EE55D0B2}
		{C5A11824-2B2F-49E4-871B-58D14C9E3F2C} = {38C70137-8008-4167-BCF9-2F71485A489C}
		{A45D0701-576D-4A71-BE91-045BE16AE4D8} = {BEE95212-631C-4F85-93A4-6CC590158C5F}
		{323410B1-402F-456F-86E9-6D2574DC4B13} = {AEB39D1C-523F-4415-8403-3E59BBB48FE3}
		{5B9B4EB2-C6CF-4B21-B278-3A5C247BFC72} = {AEB39D1C-523F-4415-8403-3E59BBB48FE3}
		{0A5286B7-0395-4BCC-8FAD-6CE4D05479D1} = {AEB39D1C-523F-4415-8403-3E59BBB48FE3}
		{1D534763-FB03-414D-8230-A8BEC8F2CF32} = {AEB39D1C-523F-4415-8403-3E59BBB48FE3}
		{54800479-F6E1-4D15-8227-12517C4432DA} = {323410B1-402F-456F-86E9-6D2574DC4B13}
		{041B381A-BCDA-4F58-971F-BB9449CC99E6} = {323410B1-402F-456F-86E9-6D2574DC4B13}
		{76C0897A-669E-4907-A2A3-61BC9E8C2095} = {323410B1-402F-456F-86E9-6D2574DC4B13}
		{33D2DBE6-06A6-41AC-A97A-40FBDC822C24} = {323410B1-402F-456F-86E9-6D2574DC4B13}
		{EE4644AC-65B6-4CBC-AA6F-96C41BA33A1C} = {AEB39D1C-523F-4415-8403-3E59BBB48FE3}
		{D4598A6B-57D4-4191-BF91-E6613939084B} = {33D2DBE6-06A6-41AC-A97A-40FBDC822C24}
		{DCBC0B04-DEBF-44AA-8161-81C94ED61888} = {76C0897A-669E-4907-A2A3-61BC9E8C2095}
		{9B8E9EA1-83CA-43C4-A176-FD5D25CD5CE9} = {041B381A-BCDA-4F58-971F-BB9449CC99E6}
		{5E877596-9D80-4F68-9A81-91F18E49B3C1} = {1D534763-FB03-414D-8230-A8BEC8F2CF32}
		{9E677272-1557-4050-9D9C-23937CE8FB09} = {1D534763-FB03-414D-8230-A8BEC8F2CF32}
		{0E56C2AB-73C5-49B1-8D8C-F9CF02CC7E1D} = {1D534763-FB03-414D-8230-A8BEC8F2CF32}
		{73C70727-453E-4562-AE24-C192F6A2EE7C} = {1D534763-FB03-414D-8230-A8BEC8F2CF32}
		{1D24AA31-5961-41FA-901D-61A092E9C6CE} = {73C70727-453E-4562-AE24-C192F6A2EE7C}
		{6D2533C4-7FB8-408F-9F28-86A41978C6E6} = {54800479-F6E1-4D15-8227-12517C4432DA}
		{43E945ED-1E43-4BAF-B28F-66DD3885B6A1} = {0E56C2AB-73C5-49B1-8D8C-F9CF02CC7E1D}
		{55AB00D5-D24B-4B13-ABA9-FF6F862959E1} = {9E677272-1557-4050-9D9C-23937CE8FB09}
		{E930B6D6-AE4F-4C14-BD9D-21F1DE0AB679} = {5E877596-9D80-4F68-9A81-91F18E49B3C1}
		{266B4986-8675-417F-A10C-7E72D3E3A2E7} = {5B9B4EB2-C6CF-4B21-B278-3A5C247BFC72}
		{EC5F8FA4-9EB4-4EEB-982F-B78C62385A96} = {5B9B4EB2-C6CF-4B21-B278-3A5C247BFC72}
		{3C30B11B-0E5D-4417-8FD3-841B3C4B0EDE} = {5B9B4EB2-C6CF-4B21-B278-3A5C247BFC72}
		{D6F445DB-658A-4F4A-B9DC-D0FF5C3B51D9} = {5B9B4EB2-C6CF-4B21-B278-3A5C247BFC72}
		{FCDBBF59-04AF-4FB2-9D3B-D7EB9B819E24} = {D6F445DB-658A-4F4A-B9DC-D0FF5C3B51D9}
		{DBA96B5D-A74A-469C-86E8-880824B1E969} = {266B4986-8675-417F-A10C-7E72D3E3A2E7}
		{862B4940-E482-4F94-BCE0-17AAF9146A03} = {EE4644AC-65B6-4CBC-AA6F-96C41BA33A1C}
		{971F1D64-E6BA-4023-A23A-E3640F30C856} = {EE4644AC-65B6-4CBC-AA6F-96C41BA33A1C}
		{333B39F2-D913-4361-9AA9-4B471C5635E7} = {EE4644AC-65B6-4CBC-AA6F-96C41BA33A1C}
		{13C81B76-DF68-4D12-86C5-324D9485B6F3} = {EE4644AC-65B6-4CBC-AA6F-96C41BA33A1C}
		{B7933266-DAAA-41C2-8FEC-D251ABD9EF7E} = {13C81B76-DF68-4D12-86C5-324D9485B6F3}
		{433B644F-9B73-4ACD-984B-5C31A6C0B7E6} = {333B39F2-D913-4361-9AA9-4B471C5635E7}
		{C55F7DE3-B9BA-4F5F-8D70-B177FA64DE7B} = {EC5F8FA4-9EB4-4EEB-982F-B78C62385A96}
		{68477BEA-B1A1-471D-AB6B-7D23E605456A} = {3C30B11B-0E5D-4417-8FD3-841B3C4B0EDE}
	EndGlobalSection
	GlobalSection(ExtensibilityGlobals) = postSolution
		SolutionGuid = {080A84DF-3E12-4260-9BF5-CA6F4D3A316F}
	EndGlobalSection
EndGlobal
